
Microsoft Visual Studio Solution File, Format Version 12.00
# Visual Studio 15
Project("{FAE04EC0-301F-11D3-BF4B-00C04F79EFBC}") = "ScheduleManagement", "ScheduleManagement\ScheduleManagement.csproj", "{3983D42F-2604-4A6A-BAAA-1CF573EE7DB3}"
EndProject
Project("{FAE04EC0-301F-11D3-BF4B-00C04F79EFBC}") = "Data", "Data\Data.csproj", "{1310DB1E-391E-4035-9691-A329BB93B05C}"
EndProject
Project("{FAE04EC0-301F-11D3-BF4B-00C04F79EFBC}") = "Services", "Services\Services.csproj", "{879AE8DA-03B6-430F-8A0B-6E9208FAD191}"
EndProject
Global
	GlobalSection(SolutionConfigurationPlatforms) = preSolution
		Debug|Any CPU = Debug|Any CPU
		Release|Any CPU = Release|Any CPU
	EndGlobalSection
	GlobalSection(ProjectConfigurationPlatforms) = postSolution
		{3983D42F-2604-4A6A-BAAA-1CF573EE7DB3}.Debug|Any CPU.ActiveCfg = Debug|Any CPU
		{3983D42F-2604-4A6A-BAAA-1CF573EE7DB3}.Debug|Any CPU.Build.0 = Debug|Any CPU
		{3983D42F-2604-4A6A-BAAA-1CF573EE7DB3}.Release|Any CPU.ActiveCfg = Release|Any CPU
		{3983D42F-2604-4A6A-BAAA-1CF573EE7DB3}.Release|Any CPU.Build.0 = Release|Any CPU
		{1310DB1E-391E-4035-9691-A329BB93B05C}.Debug|Any CPU.ActiveCfg = Debug|Any CPU
		{1310DB1E-391E-4035-9691-A329BB93B05C}.Debug|Any CPU.Build.0 = Debug|Any CPU
		{1310DB1E-391E-4035-9691-A329BB93B05C}.Release|Any CPU.ActiveCfg = Release|Any CPU
		{1310DB1E-391E-4035-9691-A329BB93B05C}.Release|Any CPU.Build.0 = Release|Any CPU
		{879AE8DA-03B6-430F-8A0B-6E9208FAD191}.Debug|Any CPU.ActiveCfg = Debug|Any CPU
		{879AE8DA-03B6-430F-8A0B-6E9208FAD191}.Debug|Any CPU.Build.0 = Debug|Any CPU
		{879AE8DA-03B6-430F-8A0B-6E9208FAD191}.Release|Any CPU.ActiveCfg = Release|Any CPU
		{879AE8DA-03B6-430F-8A0B-6E9208FAD191}.Release|Any CPU.Build.0 = Release|Any CPU
	EndGlobalSection
EndGlobal
